// !$*UTF8*$!
{
	archiveVersion = 1;
	classes = {
	};
	objectVersion = 77;
	objects = {

/* Begin PBXContainerItemProxy section */
		38AAF3772DC78C9A0058A66D /* PBXContainerItemProxy */ = {
			isa = PBXContainerItemProxy;
			containerPortal = 38AAF35E2DC78C990058A66D /* Project object */;
			proxyType = 1;
			remoteGlobalIDString = 38AAF3652DC78C990058A66D;
			remoteInfo = MyStory;
		};
		38AAF3812DC78C9A0058A66D /* PBXContainerItemProxy */ = {
			isa = PBXContainerItemProxy;
			containerPortal = 38AAF35E2DC78C990058A66D /* Project object */;
			proxyType = 1;
			remoteGlobalIDString = 38AAF3652DC78C990058A66D;
			remoteInfo = MyStory;
		};
/* End PBXContainerItemProxy section */

/* Begin PBXFileReference section */
		38AAF3662DC78C990058A66D /* MyStory.app */ = {isa = PBXFileReference; explicitFileType = wrapper.application; includeInIndex = 0; path = MyStory.app; sourceTree = BUILT_PRODUCTS_DIR; };
		38AAF3762DC78C9A0058A66D /* MyStoryTests.xctest */ = {isa = PBXFileReference; explicitFileType = wrapper.cfbundle; includeInIndex = 0; path = MyStoryTests.xctest; sourceTree = BUILT_PRODUCTS_DIR; };
		38AAF3802DC78C9A0058A66D /* MyStoryUITests.xctest */ = {isa = PBXFileReference; explicitFileType = wrapper.cfbundle; includeInIndex = 0; path = MyStoryUITests.xctest; sourceTree = BUILT_PRODUCTS_DIR; };
/* End PBXFileReference section */

/* Begin PBXFileSystemSynchronizedRootGroup section */
		38AAF3682DC78C990058A66D /* MyStory */ = {
			isa = PBXFileSystemSynchronizedRootGroup;
			path = MyStory;
			sourceTree = "<group>";
		};
		38AAF3792DC78C9A0058A66D /* MyStoryTests */ = {
			isa = PBXFileSystemSynchronizedRootGroup;
			path = MyStoryTests;
			sourceTree = "<group>";
		};
		38AAF3832DC78C9A0058A66D /* MyStoryUITests */ = {
			isa = PBXFileSystemSynchronizedRootGroup;
			path = MyStoryUITests;
			sourceTree = "<group>";
		};
/* End PBXFileSystemSynchronizedRootGroup section */

/* Begin PBXFrameworksBuildPhase section */
		38AAF3632DC78C990058A66D /* Frameworks */ = {
			isa = PBXFrameworksBuildPhase;
			buildActionMask = 2147483647;
			files = (
			);
			runOnlyForDeploymentPostprocessing = 0;
		};
		38AAF3732DC78C9A0058A66D /* Frameworks */ = {
			isa = PBXFrameworksBuildPhase;
			buildActionMask = 2147483647;
			files = (
			);
			runOnlyForDeploymentPostprocessing = 0;
		};
		38AAF37D2DC78C9A0058A66D /* Frameworks */ = {
			isa = PBXFrameworksBuildPhase;
			buildActionMask = 2147483647;
			files = (
			);
			runOnlyForDeploymentPostprocessing = 0;
		};
/* End PBXFrameworksBuildPhase section */

/* Begin PBXGroup section */
		38AAF35D2DC78C990058A66D = {
			isa = PBXGroup;
			children = (
				38AAF3682DC78C990058A66D /* MyStory */,
				38AAF3792DC78C9A0058A66D /* MyStoryTests */,
				38AAF3832DC78C9A0058A66D /* MyStoryUITests */,
				38AAF3672DC78C990058A66D /* Products */,
			);
			sourceTree = "<group>";
		};
		38AAF3672DC78C990058A66D /* Products */ = {
			isa = PBXGroup;
			children = (
				38AAF3662DC78C990058A66D /* MyStory.app */,
				38AAF3762DC78C9A0058A66D /* MyStoryTests.xctest */,
				38AAF3802DC78C9A0058A66D /* MyStoryUITests.xctest */,
			);
			name = Products;
			sourceTree = "<group>";
		};
/* End PBXGroup section */

/* Begin PBXNativeTarget section */
		38AAF3652DC78C990058A66D /* MyStory */ = {
			isa = PBXNativeTarget;
			buildConfigurationList = 38AAF38A2DC78C9A0058A66D /* Build configuration list for PBXNativeTarget "MyStory" */;
			buildPhases = (
				38AAF3622DC78C990058A66D /* Sources */,
				38AAF3632DC78C990058A66D /* Frameworks */,
				38AAF3642DC78C990058A66D /* Resources */,
			);
			buildRules = (
			);
			dependencies = (
			);
			fileSystemSynchronizedGroups = (
				38AAF3682DC78C990058A66D /* MyStory */,
			);
			name = MyStory;
			packageProductDependencies = (
			);
			productName = MyStory;
			productReference = 38AAF3662DC78C990058A66D /* MyStory.app */;
			productType = "com.apple.product-type.application";
		};
		38AAF3752DC78C9A0058A66D /* MyStoryTests */ = {
			isa = PBXNativeTarget;
			buildConfigurationList = 38AAF38D2DC78C9A0058A66D /* Build configuration list for PBXNativeTarget "MyStoryTests" */;
			buildPhases = (
				38AAF3722DC78C9A0058A66D /* Sources */,
				38AAF3732DC78C9A0058A66D /* Frameworks */,
				38AAF3742DC78C9A0058A66D /* Resources */,
			);
			buildRules = (
			);
			dependencies = (
				38AAF3782DC78C9A0058A66D /* PBXTargetDependency */,
			);
			fileSystemSynchronizedGroups = (
				38AAF3792DC78C9A0058A66D /* MyStoryTests */,
			);
			name = MyStoryTests;
			packageProductDependencies = (
			);
			productName = MyStoryTests;
			productReference = 38AAF3762DC78C9A0058A66D /* MyStoryTests.xctest */;
			productType = "com.apple.product-type.bundle.unit-test";
		};
		38AAF37F2DC78C9A0058A66D /* MyStoryUITests */ = {
			isa = PBXNativeTarget;
			buildConfigurationList = 38AAF3902DC78C9A0058A66D /* Build configuration list for PBXNativeTarget "MyStoryUITests" */;
			buildPhases = (
				38AAF37C2DC78C9A0058A66D /* Sources */,
				38AAF37D2DC78C9A0058A66D /* Frameworks */,
				38AAF37E2DC78C9A0058A66D /* Resources */,
			);
			buildRules = (
			);
			dependencies = (
				38AAF3822DC78C9A0058A66D /* PBXTargetDependency */,
			);
			fileSystemSynchronizedGroups = (
				38AAF3832DC78C9A0058A66D /* MyStoryUITests */,
			);
			name = MyStoryUITests;
			packageProductDependencies = (
			);
			productName = MyStoryUITests;
			productReference = 38AAF3802DC78C9A0058A66D /* MyStoryUITests.xctest */;
			productType = "com.apple.product-type.bundle.ui-testing";
		};
/* End PBXNativeTarget section */

/* Begin PBXProject section */
		38AAF35E2DC78C990058A66D /* Project object */ = {
			isa = PBXProject;
			attributes = {
				BuildIndependentTargetsInParallel = 1;
				LastSwiftUpdateCheck = 1620;
				LastUpgradeCheck = 1620;
				TargetAttributes = {
					38AAF3652DC78C990058A66D = {
						CreatedOnToolsVersion = 16.2;
					};
					38AAF3752DC78C9A0058A66D = {
						CreatedOnToolsVersion = 16.2;
						TestTargetID = 38AAF3652DC78C990058A66D;
					};
					38AAF37F2DC78C9A0058A66D = {
						CreatedOnToolsVersion = 16.2;
						TestTargetID = 38AAF3652DC78C990058A66D;
					};
				};
			};
			buildConfigurationList = 38AAF3612DC78C990058A66D /* Build configuration list for PBXProject "MyStory" */;
			developmentRegion = en;
			hasScannedForEncodings = 0;
			knownRegions = (
				en,
				Base,
			);
			mainGroup = 38AAF35D2DC78C990058A66D;
			minimizedProjectReferenceProxies = 1;
			preferredProjectObjectVersion = 77;
			productRefGroup = 38AAF3672DC78C990058A66D /* Products */;
			projectDirPath = "";
			projectRoot = "";
			targets = (
				38AAF3652DC78C990058A66D /* MyStory */,
				38AAF3752DC78C9A0058A66D /* MyStoryTests */,
				38AAF37F2DC78C9A0058A66D /* MyStoryUITests */,
			);
		};
/* End PBXProject section */

/* Begin PBXResourcesBuildPhase section */
		38AAF3642DC78C990058A66D /* Resources */ = {
			isa = PBXResourcesBuildPhase;
			buildActionMask = 2147483647;
			files = (
			);
			runOnlyForDeploymentPostprocessing = 0;
		};
		38AAF3742DC78C9A0058A66D /* Resources */ = {
			isa = PBXResourcesBuildPhase;
			buildActionMask = 2147483647;
			files = (
			);
			runOnlyForDeploymentPostprocessing = 0;
		};
		38AAF37E2DC78C9A0058A66D /* Resources */ = {
			isa = PBXResourcesBuildPhase;
			buildActionMask = 2147483647;
			files = (
			);
			runOnlyForDeploymentPostprocessing = 0;
		};
/* End PBXResourcesBuildPhase section */

/* Begin PBXSourcesBuildPhase section */
		38AAF3622DC78C990058A66D /* Sources */ = {
			isa = PBXSourcesBuildPhase;
			buildActionMask = 2147483647;
			files = (
			);
			runOnlyForDeploymentPostprocessing = 0;
		};
		38AAF3722DC78C9A0058A66D /* Sources */ = {
			isa = PBXSourcesBuildPhase;
			buildActionMask = 2147483647;
			files = (
			);
			runOnlyForDeploymentPostprocessing = 0;
		};
		38AAF37C2DC78C9A0058A66D /* Sources */ = {
			isa = PBXSourcesBuildPhase;
			buildActionMask = 2147483647;
			files = (
			);
			runOnlyForDeploymentPostprocessing = 0;
		};
/* End PBXSourcesBuildPhase section */

/* Begin PBXTargetDependency section */
		38AAF3782DC78C9A0058A66D /* PBXTargetDependency */ = {
			isa = PBXTargetDependency;
			target = 38AAF3652DC78C990058A66D /* MyStory */;
			targetProxy = 38AAF3772DC78C9A0058A66D /* PBXContainerItemProxy */;
		};
		38AAF3822DC78C9A0058A66D /* PBXTargetDependency */ = {
			isa = PBXTargetDependency;
			target = 38AAF3652DC78C990058A66D /* MyStory */;
			targetProxy = 38AAF3812DC78C9A0058A66D /* PBXContainerItemProxy */;
		};
/* End PBXTargetDependency section */

/* Begin XCBuildConfiguration section */
		38AAF3882DC78C9A0058A66D /* Debug */ = {
			isa = XCBuildConfiguration;
			buildSettings = {
				ALWAYS_SEARCH_USER_PATHS = NO;
				ASSETCATALOG_COMPILER_GENERATE_SWIFT_ASSET_SYMBOL_EXTENSIONS = YES;
				CLANG_ANALYZER_NONNULL = YES;
				CLANG_ANALYZER_NUMBER_OBJECT_CONVERSION = YES_AGGRESSIVE;
				CLANG_CXX_LANGUAGE_STANDARD = "gnu++20";
				CLANG_ENABLE_MODULES = YES;
				CLANG_ENABLE_OBJC_ARC = YES;
				CLANG_ENABLE_OBJC_WEAK = YES;
				CLANG_WARN_BLOCK_CAPTURE_AUTORELEASING = YES;
				CLANG_WARN_BOOL_CONVERSION = YES;
				CLANG_WARN_COMMA = YES;
				CLANG_WARN_CONSTANT_CONVERSION = YES;
				CLANG_WARN_DEPRECATED_OBJC_IMPLEMENTATIONS = YES;
				CLANG_WARN_DIRECT_OBJC_ISA_USAGE = YES_ERROR;
				CLANG_WARN_DOCUMENTATION_COMMENTS = YES;
				CLANG_WARN_EMPTY_BODY = YES;
				CLANG_WARN_ENUM_CONVERSION = YES;
				CLANG_WARN_INFINITE_RECURSION = YES;
				CLANG_WARN_INT_CONVERSION = YES;
				CLANG_WARN_NON_LITERAL_NULL_CONVERSION = YES;
				CLANG_WARN_OBJC_IMPLICIT_RETAIN_SELF = YES;
				CLANG_WARN_OBJC_LITERAL_CONVERSION = YES;
				CLANG_WARN_OBJC_ROOT_CLASS = YES_ERROR;
				CLANG_WARN_QUOTED_INCLUDE_IN_FRAMEWORK_HEADER = YES;
				CLANG_WARN_RANGE_LOOP_ANALYSIS = YES;
				CLANG_WARN_STRICT_PROTOTYPES = YES;
				CLANG_WARN_SUSPICIOUS_MOVE = YES;
				CLANG_WARN_UNGUARDED_AVAILABILITY = YES_AGGRESSIVE;
				CLANG_WARN_UNREACHABLE_CODE = YES;
				CLANG_WARN__DUPLICATE_METHOD_MATCH = YES;
				COPY_PHASE_STRIP = NO;
				DEBUG_INFORMATION_FORMAT = dwarf;
				ENABLE_STRICT_OBJC_MSGSEND = YES;
				ENABLE_TESTABILITY = YES;
				ENABLE_USER_SCRIPT_SANDBOXING = YES;
				GCC_C_LANGUAGE_STANDARD = gnu17;
				GCC_DYNAMIC_NO_PIC = NO;
				GCC_NO_COMMON_BLOCKS = YES;
				GCC_OPTIMIZATION_LEVEL = 0;
				GCC_PREPROCESSOR_DEFINITIONS = (
					"DEBUG=1",
					"$(inherited)",
				);
				GCC_WARN_64_TO_32_BIT_CONVERSION = YES;
				GCC_WARN_ABOUT_RETURN_TYPE = YES_ERROR;
				GCC_WARN_UNDECLARED_SELECTOR = YES;
				GCC_WARN_UNINITIALIZED_AUTOS = YES_AGGRESSIVE;
				GCC_WARN_UNUSED_FUNCTION = YES;
				GCC_WARN_UNUSED_VARIABLE = YES;
				IPHONEOS_DEPLOYMENT_TARGET = 18.2;
				LOCALIZATION_PREFERS_STRING_CATALOGS = YES;
				MTL_ENABLE_DEBUG_INFO = INCLUDE_SOURCE;
				MTL_FAST_MATH = YES;
				ONLY_ACTIVE_ARCH = YES;
				SDKROOT = iphoneos;
				SWIFT_ACTIVE_COMPILATION_CONDITIONS = "DEBUG $(inherited)";
				SWIFT_OPTIMIZATION_LEVEL = "-Onone";
			};
			name = Debug;
		};
		38AAF3892DC78C9A0058A66D /* Release */ = {
			isa = XCBuildConfiguration;
			buildSettings = {
				ALWAYS_SEARCH_USER_PATHS = NO;
				ASSETCATALOG_COMPILER_GENERATE_SWIFT_ASSET_SYMBOL_EXTENSIONS = YES;
				CLANG_ANALYZER_NONNULL = YES;
				CLANG_ANALYZER_NUMBER_OBJECT_CONVERSION = YES_AGGRESSIVE;
				CLANG_CXX_LANGUAGE_STANDARD = "gnu++20";
				CLANG_ENABLE_MODULES = YES;
				CLANG_ENABLE_OBJC_ARC = YES;
				CLANG_ENABLE_OBJC_WEAK = YES;
				CLANG_WARN_BLOCK_CAPTURE_AUTORELEASING = YES;
				CLANG_WARN_BOOL_CONVERSION = YES;
				CLANG_WARN_COMMA = YES;
				CLANG_WARN_CONSTANT_CONVERSION = YES;
				CLANG_WARN_DEPRECATED_OBJC_IMPLEMENTATIONS = YES;
				CLANG_WARN_DIRECT_OBJC_ISA_USAGE = YES_ERROR;
				CLANG_WARN_DOCUMENTATION_COMMENTS = YES;
				CLANG_WARN_EMPTY_BODY = YES;
				CLANG_WARN_ENUM_CONVERSION = YES;
				CLANG_WARN_INFINITE_RECURSION = YES;
				CLANG_WARN_INT_CONVERSION = YES;
				CLANG_WARN_NON_LITERAL_NULL_CONVERSION = YES;
				CLANG_WARN_OBJC_IMPLICIT_RETAIN_SELF = YES;
				CLANG_WARN_OBJC_LITERAL_CONVERSION = YES;
				CLANG_WARN_OBJC_ROOT_CLASS = YES_ERROR;
				CLANG_WARN_QUOTED_INCLUDE_IN_FRAMEWORK_HEADER = YES;
				CLANG_WARN_RANGE_LOOP_ANALYSIS = YES;
				CLANG_WARN_STRICT_PROTOTYPES = YES;
				CLANG_WARN_SUSPICIOUS_MOVE = YES;
				CLANG_WARN_UNGUARDED_AVAILABILITY = YES_AGGRESSIVE;
				CLANG_WARN_UNREACHABLE_CODE = YES;
				CLANG_WARN__DUPLICATE_METHOD_MATCH = YES;
				COPY_PHASE_STRIP = NO;
				DEBUG_INFORMATION_FORMAT = "dwarf-with-dsym";
				ENABLE_NS_ASSERTIONS = NO;
				ENABLE_STRICT_OBJC_MSGSEND = YES;
				ENABLE_USER_SCRIPT_SANDBOXING = YES;
				GCC_C_LANGUAGE_STANDARD = gnu17;
				GCC_NO_COMMON_BLOCKS = YES;
				GCC_WARN_64_TO_32_BIT_CONVERSION = YES;
				GCC_WARN_ABOUT_RETURN_TYPE = YES_ERROR;
				GCC_WARN_UNDECLARED_SELECTOR = YES;
				GCC_WARN_UNINITIALIZED_AUTOS = YES_AGGRESSIVE;
				GCC_WARN_UNUSED_FUNCTION = YES;
				GCC_WARN_UNUSED_VARIABLE = YES;
				IPHONEOS_DEPLOYMENT_TARGET = 18.2;
				LOCALIZATION_PREFERS_STRING_CATALOGS = YES;
				MTL_ENABLE_DEBUG_INFO = NO;
				MTL_FAST_MATH = YES;
				SDKROOT = iphoneos;
				SWIFT_COMPILATION_MODE = wholemodule;
				VALIDATE_PRODUCT = YES;
			};
			name = Release;
		};
		38AAF38B2DC78C9A0058A66D /* Debug */ = {
			isa = XCBuildConfiguration;
			buildSettings = {
				ASSETCATALOG_COMPILER_APPICON_NAME = AppIcon;
				ASSETCATALOG_COMPILER_GLOBAL_ACCENT_COLOR_NAME = AccentColor;
				CODE_SIGN_STYLE = Automatic;
				CURRENT_PROJECT_VERSION = 1;
				DEVELOPMENT_ASSET_PATHS = "\"MyStory/Preview Content\"";
				DEVELOPMENT_TEAM = GZCVLZ82QB;
				ENABLE_PREVIEWS = YES;
				GENERATE_INFOPLIST_FILE = YES;
				INFOPLIST_KEY_UIApplicationSceneManifest_Generation = YES;
				INFOPLIST_KEY_UIApplicationSupportsIndirectInputEvents = YES;
				INFOPLIST_KEY_UILaunchScreen_Generation = YES;
				INFOPLIST_KEY_UISupportedInterfaceOrientations_iPad = "UIInterfaceOrientationPortrait UIInterfaceOrientationPortraitUpsideDown UIInterfaceOrientationLandscapeLeft UIInterfaceOrientationLandscapeRight";
				INFOPLIST_KEY_UISupportedInterfaceOrientations_iPhone = "UIInterfaceOrientationPortrait UIInterfaceOrientationLandscapeLeft UIInterfaceOrientationLandscapeRight";
				LD_RUNPATH_SEARCH_PATHS = (
					"$(inherited)",
					"@executable_path/Frameworks",
				);
				MARKETING_VERSION = 1.0;
				PRODUCT_BUNDLE_IDENTIFIER = com.lamri.MyStory;
				PRODUCT_NAME = "$(TARGET_NAME)";
				SWIFT_EMIT_LOC_STRINGS = YES;
				SWIFT_VERSION = 5.0;
				TARGETED_DEVICE_FAMILY = "1,2";
			};
			name = Debug;
		};
		38AAF38C2DC78C9A0058A66D /* Release */ = {
			isa = XCBuildConfiguration;
			buildSettings = {
				ASSETCATALOG_COMPILER_APPICON_NAME = AppIcon;
				ASSETCATALOG_COMPILER_GLOBAL_ACCENT_COLOR_NAME = AccentColor;
				CODE_SIGN_STYLE = Automatic;
				CURRENT_PROJECT_VERSION = 1;
				DEVELOPMENT_ASSET_PATHS = "\"MyStory/Preview Content\"";
				DEVELOPMENT_TEAM = GZCVLZ82QB;
				ENABLE_PREVIEWS = YES;
				GENERATE_INFOPLIST_FILE = YES;
				INFOPLIST_KEY_UIApplicationSceneManifest_Generation = YES;
				INFOPLIST_KEY_UIApplicationSupportsIndirectInputEvents = YES;
				INFOPLIST_KEY_UILaunchScreen_Generation = YES;
				INFOPLIST_KEY_UISupportedInterfaceOrientations_iPad = "UIInterfaceOrientationPortrait UIInterfaceOrientationPortraitUpsideDown UIInterfaceOrientationLandscapeLeft UIInterfaceOrientationLandscapeRight";
				INFOPLIST_KEY_UISupportedInterfaceOrientations_iPhone = "UIInterfaceOrientationPortrait UIInterfaceOrientationLandscapeLeft UIInterfaceOrientationLandscapeRight";
				LD_RUNPATH_SEARCH_PATHS = (
					"$(inherited)",
					"@executable_path/Frameworks",
				);
				MARKETING_VERSION = 1.0;
				PRODUCT_BUNDLE_IDENTIFIER = com.lamri.MyStory;
				PRODUCT_NAME = "$(TARGET_NAME)";
				SWIFT_EMIT_LOC_STRINGS = YES;
				SWIFT_VERSION = 5.0;
				TARGETED_DEVICE_FAMILY = "1,2";
			};
			name = Release;
		};
		38AAF38E2DC78C9A0058A66D /* Debug */ = {
			isa = XCBuildConfiguration;
			buildSettings = {
				BUNDLE_LOADER = "$(TEST_HOST)";
				CODE_SIGN_STYLE = Automatic;
				CURRENT_PROJECT_VERSION = 1;
				DEVELOPMENT_TEAM = GZCVLZ82QB;
				GENERATE_INFOPLIST_FILE = YES;
				IPHONEOS_DEPLOYMENT_TARGET = 18.2;
				MARKETING_VERSION = 1.0;
				PRODUCT_BUNDLE_IDENTIFIER = com.lamri.MyStoryTests;
				PRODUCT_NAME = "$(TARGET_NAME)";
				SWIFT_EMIT_LOC_STRINGS = NO;
				SWIFT_VERSION = 5.0;
				TARGETED_DEVICE_FAMILY = "1,2";
				TEST_HOST = "$(BUILT_PRODUCTS_DIR)/MyStory.app/$(BUNDLE_EXECUTABLE_FOLDER_PATH)/MyStory";
			};
			name = Debug;
		};
		38AAF38F2DC78C9A0058A66D /* Release */ = {
			isa = XCBuildConfiguration;
			buildSettings = {
				BUNDLE_LOADER = "$(TEST_HOST)";
				CODE_SIGN_STYLE = Automatic;
				CURRENT_PROJECT_VERSION = 1;
				DEVELOPMENT_TEAM = GZCVLZ82QB;
				GENERATE_INFOPLIST_FILE = YES;
				IPHONEOS_DEPLOYMENT_TARGET = 18.2;
				MARKETING_VERSION = 1.0;
				PRODUCT_BUNDLE_IDENTIFIER = com.lamri.MyStoryTests;
				PRODUCT_NAME = "$(TARGET_NAME)";
				SWIFT_EMIT_LOC_STRINGS = NO;
				SWIFT_VERSION = 5.0;
				TARGETED_DEVICE_FAMILY = "1,2";
				TEST_HOST = "$(BUILT_PRODUCTS_DIR)/MyStory.app/$(BUNDLE_EXECUTABLE_FOLDER_PATH)/MyStory";
			};
			name = Release;
		};
		38AAF3912DC78C9A0058A66D /* Debug */ = {
			isa = XCBuildConfiguration;
			buildSettings = {
				CODE_SIGN_STYLE = Automatic;
				CURRENT_PROJECT_VERSION = 1;
				DEVELOPMENT_TEAM = GZCVLZ82QB;
				GENERATE_INFOPLIST_FILE = YES;
				MARKETING_VERSION = 1.0;
				PRODUCT_BUNDLE_IDENTIFIER = com.lamri.MyStoryUITests;
				PRODUCT_NAME = "$(TARGET_NAME)";
				SWIFT_EMIT_LOC_STRINGS = NO;
				SWIFT_VERSION = 5.0;
				TARGETED_DEVICE_FAMILY = "1,2";
				TEST_TARGET_NAME = MyStory;
			};
			name = Debug;
		};
		38AAF3922DC78C9A0058A66D /* Release */ = {
			isa = XCBuildConfiguration;
			buildSettings = {
				CODE_SIGN_STYLE = Automatic;
				CURRENT_PROJECT_VERSION = 1;
				DEVELOPMENT_TEAM = GZCVLZ82QB;
				GENERATE_INFOPLIST_FILE = YES;
				MARKETING_VERSION = 1.0;
				PRODUCT_BUNDLE_IDENTIFIER = com.lamri.MyStoryUITests;
				PRODUCT_NAME = "$(TARGET_NAME)";
				SWIFT_EMIT_LOC_STRINGS = NO;
				SWIFT_VERSION = 5.0;
				TARGETED_DEVICE_FAMILY = "1,2";
				TEST_TARGET_NAME = MyStory;
			};
			name = Release;
		};
/* End XCBuildConfiguration section */

/* Begin XCConfigurationList section */
		38AAF3612DC78C990058A66D /* Build configuration list for PBXProject "MyStory" */ = {
			isa = XCConfigurationList;
			buildConfigurations = (
				38AAF3882DC78C9A0058A66D /* Debug */,
				38AAF3892DC78C9A0058A66D /* Release */,
			);
			defaultConfigurationIsVisible = 0;
			defaultConfigurationName = Release;
		};
		38AAF38A2DC78C9A0058A66D /* Build configuration list for PBXNativeTarget "MyStory" */ = {
			isa = XCConfigurationList;
			buildConfigurations = (
				38AAF38B2DC78C9A0058A66D /* Debug */,
				38AAF38C2DC78C9A0058A66D /* Release */,
			);
			defaultConfigurationIsVisible = 0;
			defaultConfigurationName = Release;
		};
		38AAF38D2DC78C9A0058A66D /* Build configuration list for PBXNativeTarget "MyStoryTests" */ = {
			isa = XCConfigurationList;
			buildConfigurations = (
				38AAF38E2DC78C9A0058A66D /* Debug */,
				38AAF38F2DC78C9A0058A66D /* Release */,
			);
			defaultConfigurationIsVisible = 0;
			defaultConfigurationName = Release;
		};
		38AAF3902DC78C9A0058A66D /* Build configuration list for PBXNativeTarget "MyStoryUITests" */ = {
			isa = XCConfigurationList;
			buildConfigurations = (
				38AAF3912DC78C9A0058A66D /* Debug */,
				38AAF3922DC78C9A0058A66D /* Release */,
			);
			defaultConfigurationIsVisible = 0;
			defaultConfigurationName = Release;
		};
/* End XCConfigurationList section */
	};
	rootObject = 38AAF35E2DC78C990058A66D /* Project object */;
}
